
Microsoft Visual Studio Solution File, Format Version 12.00
# Visual Studio 15
VisualStudioVersion = 15.0.28307.136
MinimumVisualStudioVersion = 10.0.40219.1
Project("{FAE04EC0-301F-11D3-BF4B-00C04F79EFBC}") = "MovieTicket", "MovieTicket\MovieTicket.csproj", "{1FD91AA9-1136-4FF4-AC38-BFEDE5154E71}"
EndProject
Project("{FAE04EC0-301F-11D3-BF4B-00C04F79EFBC}") = "ModelLayer", "ModelLayer\ModelLayer.csproj", "{5A127734-FB65-4459-A0FD-025AE992BFB6}"
EndProject
Project("{FAE04EC0-301F-11D3-BF4B-00C04F79EFBC}") = "Common", "Common\Common.csproj", "{19CE15AB-45DC-485C-8D99-1C02F828A01F}"
EndProject
Global
	GlobalSection(SolutionConfigurationPlatforms) = preSolution
		Debug|Any CPU = Debug|Any CPU
		Release|Any CPU = Release|Any CPU
	EndGlobalSection
	GlobalSection(ProjectConfigurationPlatforms) = postSolution
		{1FD91AA9-1136-4FF4-AC38-BFEDE5154E71}.Debug|Any CPU.ActiveCfg = Debug|Any CPU
		{1FD91AA9-1136-4FF4-AC38-BFEDE5154E71}.Debug|Any CPU.Build.0 = Debug|Any CPU
		{1FD91AA9-1136-4FF4-AC38-BFEDE5154E71}.Release|Any CPU.ActiveCfg = Release|Any CPU
		{1FD91AA9-1136-4FF4-AC38-BFEDE5154E71}.Release|Any CPU.Build.0 = Release|Any CPU
		{5A127734-FB65-4459-A0FD-025AE992BFB6}.Debug|Any CPU.ActiveCfg = Debug|Any CPU
		{5A127734-FB65-4459-A0FD-025AE992BFB6}.Debug|Any CPU.Build.0 = Debug|Any CPU
		{5A127734-FB65-4459-A0FD-025AE992BFB6}.Release|Any CPU.ActiveCfg = Release|Any CPU
		{5A127734-FB65-4459-A0FD-025AE992BFB6}.Release|Any CPU.Build.0 = Release|Any CPU
		{19CE15AB-45DC-485C-8D99-1C02F828A01F}.Debug|Any CPU.ActiveCfg = Debug|Any CPU
		{19CE15AB-45DC-485C-8D99-1C02F828A01F}.Debug|Any CPU.Build.0 = Debug|Any CPU
		{19CE15AB-45DC-485C-8D99-1C02F828A01F}.Release|Any CPU.ActiveCfg = Release|Any CPU
		{19CE15AB-45DC-485C-8D99-1C02F828A01F}.Release|Any CPU.Build.0 = Release|Any CPU
	EndGlobalSection
	GlobalSection(SolutionProperties) = preSolution
		HideSolutionNode = FALSE
	EndGlobalSection
	GlobalSection(ExtensibilityGlobals) = postSolution
		SolutionGuid = {FCC6B332-B737-49BF-BEB5-09338248795E}
	EndGlobalSection
EndGlobal
